
Microsoft Visual Studio Solution File, Format Version 12.00
# Visual Studio Version 16
VisualStudioVersion = 16.0.32630.194
MinimumVisualStudioVersion = 10.0.40219.1
Project("{FAE04EC0-301F-11D3-BF4B-00C04F79EFBC}") = "UC6", "UC6\UC6.csproj", "{51C37EC8-2C71-40AB-9DDB-3CE9B08C8685}"
EndProject
Global
	GlobalSection(SolutionConfigurationPlatforms) = preSolution
		Debug|Any CPU = Debug|Any CPU
		Release|Any CPU = Release|Any CPU
	EndGlobalSection
	GlobalSection(ProjectConfigurationPlatforms) = postSolution
		{51C37EC8-2C71-40AB-9DDB-3CE9B08C8685}.Debug|Any CPU.ActiveCfg = Debug|Any CPU
		{51C37EC8-2C71-40AB-9DDB-3CE9B08C8685}.Debug|Any CPU.Build.0 = Debug|Any CPU
		{51C37EC8-2C71-40AB-9DDB-3CE9B08C8685}.Release|Any CPU.ActiveCfg = Release|Any CPU
		{51C37EC8-2C71-40AB-9DDB-3CE9B08C8685}.Release|Any CPU.Build.0 = Release|Any CPU
	EndGlobalSection
	GlobalSection(SolutionProperties) = preSolution
		HideSolutionNode = FALSE
	EndGlobalSection
	GlobalSection(ExtensibilityGlobals) = postSolution
		SolutionGuid = {F531C11F-F69C-4ED1-8511-92210A6D57AA}
	EndGlobalSection
EndGlobal
