
Microsoft Visual Studio Solution File, Format Version 12.00
# Visual Studio Version 16
VisualStudioVersion = 16.0.32630.194
MinimumVisualStudioVersion = 10.0.40219.1
Project("{FAE04EC0-301F-11D3-BF4B-00C04F79EFBC}") = "UC3", "UC3\UC3.csproj", "{96430CA5-3116-448F-9887-5E57E93AFE01}"
EndProject
Global
	GlobalSection(SolutionConfigurationPlatforms) = preSolution
		Debug|Any CPU = Debug|Any CPU
		Release|Any CPU = Release|Any CPU
	EndGlobalSection
	GlobalSection(ProjectConfigurationPlatforms) = postSolution
		{96430CA5-3116-448F-9887-5E57E93AFE01}.Debug|Any CPU.ActiveCfg = Debug|Any CPU
		{96430CA5-3116-448F-9887-5E57E93AFE01}.Debug|Any CPU.Build.0 = Debug|Any CPU
		{96430CA5-3116-448F-9887-5E57E93AFE01}.Release|Any CPU.ActiveCfg = Release|Any CPU
		{96430CA5-3116-448F-9887-5E57E93AFE01}.Release|Any CPU.Build.0 = Release|Any CPU
	EndGlobalSection
	GlobalSection(SolutionProperties) = preSolution
		HideSolutionNode = FALSE
	EndGlobalSection
	GlobalSection(ExtensibilityGlobals) = postSolution
		SolutionGuid = {6768D360-9D42-48F0-A62F-C94CD2A82238}
	EndGlobalSection
EndGlobal
