
Microsoft Visual Studio Solution File, Format Version 12.00
# Visual Studio Version 16
VisualStudioVersion = 16.0.32630.194
MinimumVisualStudioVersion = 10.0.40219.1
Project("{FAE04EC0-301F-11D3-BF4B-00C04F79EFBC}") = "UC1", "UC1\UC1.csproj", "{90671F8C-0CE7-41CA-9B2B-32124B2CF48B}"
EndProject
Global
	GlobalSection(SolutionConfigurationPlatforms) = preSolution
		Debug|Any CPU = Debug|Any CPU
		Release|Any CPU = Release|Any CPU
	EndGlobalSection
	GlobalSection(ProjectConfigurationPlatforms) = postSolution
		{90671F8C-0CE7-41CA-9B2B-32124B2CF48B}.Debug|Any CPU.ActiveCfg = Debug|Any CPU
		{90671F8C-0CE7-41CA-9B2B-32124B2CF48B}.Debug|Any CPU.Build.0 = Debug|Any CPU
		{90671F8C-0CE7-41CA-9B2B-32124B2CF48B}.Release|Any CPU.ActiveCfg = Release|Any CPU
		{90671F8C-0CE7-41CA-9B2B-32124B2CF48B}.Release|Any CPU.Build.0 = Release|Any CPU
	EndGlobalSection
	GlobalSection(SolutionProperties) = preSolution
		HideSolutionNode = FALSE
	EndGlobalSection
	GlobalSection(ExtensibilityGlobals) = postSolution
		SolutionGuid = {49079638-0D21-4B3D-9EBA-E8249AE40B9B}
	EndGlobalSection
EndGlobal
